// !$*UTF8*$!
{
	archiveVersion = 1;
	classes = {
	};
	objectVersion = 50;
	objects = {

/* Begin PBXBuildFile section */
		D319E8AD2252B286009DF7A9 /* PlaylistNetwork.swift in Sources */ = {isa = PBXBuildFile; fileRef = D319E8AC2252B286009DF7A9 /* PlaylistNetwork.swift */; };
		D319E8AF2252B392009DF7A9 /* PlaylistData.swift in Sources */ = {isa = PBXBuildFile; fileRef = D319E8AE2252B392009DF7A9 /* PlaylistData.swift */; };
		D319E8B32252B7F1009DF7A9 /* PlaylistTableViewController.swift in Sources */ = {isa = PBXBuildFile; fileRef = D319E8B22252B7F1009DF7A9 /* PlaylistTableViewController.swift */; };
		D319E8B52252B89D009DF7A9 /* PlaylistTableViewCell.swift in Sources */ = {isa = PBXBuildFile; fileRef = D319E8B42252B89D009DF7A9 /* PlaylistTableViewCell.swift */; };
		D319E8B722540866009DF7A9 /* PlaylistTracksNetwork.swift in Sources */ = {isa = PBXBuildFile; fileRef = D319E8B622540866009DF7A9 /* PlaylistTracksNetwork.swift */; };
		D319E8B922540959009DF7A9 /* PlaylistTracksResponse.swift in Sources */ = {isa = PBXBuildFile; fileRef = D319E8B822540959009DF7A9 /* PlaylistTracksResponse.swift */; };
		D319E8BB22540BB9009DF7A9 /* PlaylistTracksData.swift in Sources */ = {isa = PBXBuildFile; fileRef = D319E8BA22540BB9009DF7A9 /* PlaylistTracksData.swift */; };
		D319E8BF22540E43009DF7A9 /* PlaylistTracksTableViewController.swift in Sources */ = {isa = PBXBuildFile; fileRef = D319E8BE22540E43009DF7A9 /* PlaylistTracksTableViewController.swift */; };
		D319E8C122540F2E009DF7A9 /* PlaylistTracksTableViewCell.swift in Sources */ = {isa = PBXBuildFile; fileRef = D319E8C022540F2E009DF7A9 /* PlaylistTracksTableViewCell.swift */; };
		D343CB7F227056CB0049C30A /* ThemeCollectionViewController.swift in Sources */ = {isa = PBXBuildFile; fileRef = D343CB7E227056CB0049C30A /* ThemeCollectionViewController.swift */; };
		D343CB81227056F50049C30A /* ThemeCollectionViewCell.swift in Sources */ = {isa = PBXBuildFile; fileRef = D343CB80227056F50049C30A /* ThemeCollectionViewCell.swift */; };
		D35366F6223F10550062736A /* AppDelegate.swift in Sources */ = {isa = PBXBuildFile; fileRef = D35366F5223F10550062736A /* AppDelegate.swift */; };
		D35366F8223F10550062736A /* ViewController.swift in Sources */ = {isa = PBXBuildFile; fileRef = D35366F7223F10550062736A /* ViewController.swift */; };
		D35366FB223F10550062736A /* Main.storyboard in Resources */ = {isa = PBXBuildFile; fileRef = D35366F9223F10550062736A /* Main.storyboard */; };
		D35366FE223F10550062736A /* Moment.xcdatamodeld in Sources */ = {isa = PBXBuildFile; fileRef = D35366FC223F10550062736A /* Moment.xcdatamodeld */; };
		D3536700223F105A0062736A /* Assets.xcassets in Resources */ = {isa = PBXBuildFile; fileRef = D35366FF223F105A0062736A /* Assets.xcassets */; };
		D3536703223F105A0062736A /* LaunchScreen.storyboard in Resources */ = {isa = PBXBuildFile; fileRef = D3536701223F105A0062736A /* LaunchScreen.storyboard */; };
		D378EE02223F12E60002DF86 /* RadioResponse.swift in Sources */ = {isa = PBXBuildFile; fileRef = D378EE01223F12E60002DF86 /* RadioResponse.swift */; };
		D378EE05223F13150002DF86 /* RadioNetwork.swift in Sources */ = {isa = PBXBuildFile; fileRef = D378EE04223F13150002DF86 /* RadioNetwork.swift */; };
		D378EE07223F14450002DF86 /* Headers.swift in Sources */ = {isa = PBXBuildFile; fileRef = D378EE06223F14450002DF86 /* Headers.swift */; };
		D378EE09223F14950002DF86 /* PlaylistResponse.swift in Sources */ = {isa = PBXBuildFile; fileRef = D378EE08223F14950002DF86 /* PlaylistResponse.swift */; };
		D378EE0C223F18F10002DF86 /* RadioTabViewController.swift in Sources */ = {isa = PBXBuildFile; fileRef = D378EE0B223F18F10002DF86 /* RadioTabViewController.swift */; };
		D37E6EDE226379490029A298 /* Data.xcdatamodeld in Sources */ = {isa = PBXBuildFile; fileRef = D37E6EDC226379490029A298 /* Data.xcdatamodeld */; };
		D37E6EE0226384860029A298 /* RadioStreamResponse.swift in Sources */ = {isa = PBXBuildFile; fileRef = D37E6EDF226384860029A298 /* RadioStreamResponse.swift */; };
		D37E6EE22263C5050029A298 /* Player.swift in Sources */ = {isa = PBXBuildFile; fileRef = D37E6EE12263C5050029A298 /* Player.swift */; };
		D37E6EE42263D7700029A298 /* ThemeNetwork.swift in Sources */ = {isa = PBXBuildFile; fileRef = D37E6EE32263D7700029A298 /* ThemeNetwork.swift */; };
		D3892EF022594F1400FE6128 /* MediaPlayerViewController.swift in Sources */ = {isa = PBXBuildFile; fileRef = D3892EEF22594F1400FE6128 /* MediaPlayerViewController.swift */; };
		D38E9F2B225164DD005682FD /* RadioData.swift in Sources */ = {isa = PBXBuildFile; fileRef = D38E9F2A225164DD005682FD /* RadioData.swift */; };
		D38E9F2D2251682E005682FD /* RadioTableViewCell.swift in Sources */ = {isa = PBXBuildFile; fileRef = D38E9F2C2251682E005682FD /* RadioTableViewCell.swift */; };
		D38E9F2F22516A17005682FD /* RadioTableViewController.swift in Sources */ = {isa = PBXBuildFile; fileRef = D38E9F2E22516A17005682FD /* RadioTableViewController.swift */; };
		D38E9F3122517267005682FD /* GeneralViewController.swift in Sources */ = {isa = PBXBuildFile; fileRef = D38E9F3022517267005682FD /* GeneralViewController.swift */; };
		D38E9F3322518555005682FD /* ImageNetwork.swift in Sources */ = {isa = PBXBuildFile; fileRef = D38E9F3222518555005682FD /* ImageNetwork.swift */; };
		D3BBC0DB2278F6FC00174454 /* RootUIviewViewController.swift in Sources */ = {isa = PBXBuildFile; fileRef = D3BBC0DA2278F6FC00174454 /* RootUIviewViewController.swift */; };
/* End PBXBuildFile section */

/* Begin PBXFileReference section */
		D319E8AC2252B286009DF7A9 /* PlaylistNetwork.swift */ = {isa = PBXFileReference; lastKnownFileType = sourcecode.swift; path = PlaylistNetwork.swift; sourceTree = "<group>"; };
		D319E8AE2252B392009DF7A9 /* PlaylistData.swift */ = {isa = PBXFileReference; lastKnownFileType = sourcecode.swift; path = PlaylistData.swift; sourceTree = "<group>"; };
		D319E8B22252B7F1009DF7A9 /* PlaylistTableViewController.swift */ = {isa = PBXFileReference; lastKnownFileType = sourcecode.swift; path = PlaylistTableViewController.swift; sourceTree = "<group>"; };
		D319E8B42252B89D009DF7A9 /* PlaylistTableViewCell.swift */ = {isa = PBXFileReference; lastKnownFileType = sourcecode.swift; path = PlaylistTableViewCell.swift; sourceTree = "<group>"; };
		D319E8B622540866009DF7A9 /* PlaylistTracksNetwork.swift */ = {isa = PBXFileReference; lastKnownFileType = sourcecode.swift; path = PlaylistTracksNetwork.swift; sourceTree = "<group>"; };
		D319E8B822540959009DF7A9 /* PlaylistTracksResponse.swift */ = {isa = PBXFileReference; lastKnownFileType = sourcecode.swift; path = PlaylistTracksResponse.swift; sourceTree = "<group>"; };
		D319E8BA22540BB9009DF7A9 /* PlaylistTracksData.swift */ = {isa = PBXFileReference; lastKnownFileType = sourcecode.swift; path = PlaylistTracksData.swift; sourceTree = "<group>"; };
		D319E8BE22540E43009DF7A9 /* PlaylistTracksTableViewController.swift */ = {isa = PBXFileReference; lastKnownFileType = sourcecode.swift; path = PlaylistTracksTableViewController.swift; sourceTree = "<group>"; };
		D319E8C022540F2E009DF7A9 /* PlaylistTracksTableViewCell.swift */ = {isa = PBXFileReference; lastKnownFileType = sourcecode.swift; path = PlaylistTracksTableViewCell.swift; sourceTree = "<group>"; };
		D343CB7E227056CB0049C30A /* ThemeCollectionViewController.swift */ = {isa = PBXFileReference; lastKnownFileType = sourcecode.swift; path = ThemeCollectionViewController.swift; sourceTree = "<group>"; };
		D343CB80227056F50049C30A /* ThemeCollectionViewCell.swift */ = {isa = PBXFileReference; lastKnownFileType = sourcecode.swift; path = ThemeCollectionViewCell.swift; sourceTree = "<group>"; };
		D35366F2223F10550062736A /* Moment.app */ = {isa = PBXFileReference; explicitFileType = wrapper.application; includeInIndex = 0; path = Moment.app; sourceTree = BUILT_PRODUCTS_DIR; };
		D35366F5223F10550062736A /* AppDelegate.swift */ = {isa = PBXFileReference; lastKnownFileType = sourcecode.swift; path = AppDelegate.swift; sourceTree = "<group>"; };
		D35366F7223F10550062736A /* ViewController.swift */ = {isa = PBXFileReference; lastKnownFileType = sourcecode.swift; path = ViewController.swift; sourceTree = "<group>"; };
		D35366FA223F10550062736A /* Base */ = {isa = PBXFileReference; lastKnownFileType = file.storyboard; name = Base; path = Base.lproj/Main.storyboard; sourceTree = "<group>"; };
		D35366FD223F10550062736A /* Moment.xcdatamodel */ = {isa = PBXFileReference; lastKnownFileType = wrapper.xcdatamodel; path = Moment.xcdatamodel; sourceTree = "<group>"; };
		D35366FF223F105A0062736A /* Assets.xcassets */ = {isa = PBXFileReference; lastKnownFileType = folder.assetcatalog; path = Assets.xcassets; sourceTree = "<group>"; };
		D3536702223F105A0062736A /* Base */ = {isa = PBXFileReference; lastKnownFileType = file.storyboard; name = Base; path = Base.lproj/LaunchScreen.storyboard; sourceTree = "<group>"; };
		D3536704223F105A0062736A /* Info.plist */ = {isa = PBXFileReference; lastKnownFileType = text.plist.xml; path = Info.plist; sourceTree = "<group>"; };
		D378EE01223F12E60002DF86 /* RadioResponse.swift */ = {isa = PBXFileReference; lastKnownFileType = sourcecode.swift; path = RadioResponse.swift; sourceTree = "<group>"; };
		D378EE04223F13150002DF86 /* RadioNetwork.swift */ = {isa = PBXFileReference; lastKnownFileType = sourcecode.swift; path = RadioNetwork.swift; sourceTree = "<group>"; };
		D378EE06223F14450002DF86 /* Headers.swift */ = {isa = PBXFileReference; lastKnownFileType = sourcecode.swift; path = Headers.swift; sourceTree = "<group>"; };
		D378EE08223F14950002DF86 /* PlaylistResponse.swift */ = {isa = PBXFileReference; lastKnownFileType = sourcecode.swift; path = PlaylistResponse.swift; sourceTree = "<group>"; };
		D378EE0B223F18F10002DF86 /* RadioTabViewController.swift */ = {isa = PBXFileReference; lastKnownFileType = sourcecode.swift; path = RadioTabViewController.swift; sourceTree = "<group>"; };
		D37E6EDD226379490029A298 /* Moment.xcdatamodel */ = {isa = PBXFileReference; lastKnownFileType = wrapper.xcdatamodel; path = Moment.xcdatamodel; sourceTree = "<group>"; };
		D37E6EDF226384860029A298 /* RadioStreamResponse.swift */ = {isa = PBXFileReference; lastKnownFileType = sourcecode.swift; path = RadioStreamResponse.swift; sourceTree = "<group>"; };
		D37E6EE12263C5050029A298 /* Player.swift */ = {isa = PBXFileReference; lastKnownFileType = sourcecode.swift; path = Player.swift; sourceTree = "<group>"; };
		D37E6EE32263D7700029A298 /* ThemeNetwork.swift */ = {isa = PBXFileReference; lastKnownFileType = sourcecode.swift; path = ThemeNetwork.swift; sourceTree = "<group>"; };
		D3892EEF22594F1400FE6128 /* MediaPlayerViewController.swift */ = {isa = PBXFileReference; lastKnownFileType = sourcecode.swift; path = MediaPlayerViewController.swift; sourceTree = "<group>"; };
		D38E9F2A225164DD005682FD /* RadioData.swift */ = {isa = PBXFileReference; lastKnownFileType = sourcecode.swift; path = RadioData.swift; sourceTree = "<group>"; };
		D38E9F2C2251682E005682FD /* RadioTableViewCell.swift */ = {isa = PBXFileReference; lastKnownFileType = sourcecode.swift; path = RadioTableViewCell.swift; sourceTree = "<group>"; };
		D38E9F2E22516A17005682FD /* RadioTableViewController.swift */ = {isa = PBXFileReference; lastKnownFileType = sourcecode.swift; path = RadioTableViewController.swift; sourceTree = "<group>"; };
		D38E9F3022517267005682FD /* GeneralViewController.swift */ = {isa = PBXFileReference; lastKnownFileType = sourcecode.swift; path = GeneralViewController.swift; sourceTree = "<group>"; };
		D38E9F3222518555005682FD /* ImageNetwork.swift */ = {isa = PBXFileReference; lastKnownFileType = sourcecode.swift; path = ImageNetwork.swift; sourceTree = "<group>"; };
		D3BBC0DA2278F6FC00174454 /* RootUIviewViewController.swift */ = {isa = PBXFileReference; lastKnownFileType = sourcecode.swift; path = RootUIviewViewController.swift; sourceTree = "<group>"; };
/* End PBXFileReference section */

/* Begin PBXFrameworksBuildPhase section */
		D35366EF223F10550062736A /* Frameworks */ = {
			isa = PBXFrameworksBuildPhase;
			buildActionMask = 2147483647;
			files = (
			);
			runOnlyForDeploymentPostprocessing = 0;
		};
/* End PBXFrameworksBuildPhase section */

/* Begin PBXGroup section */
		D319E8B02252B4A2009DF7A9 /* Radio */ = {
			isa = PBXGroup;
			children = (
				D378EE0B223F18F10002DF86 /* RadioTabViewController.swift */,
				D38E9F2C2251682E005682FD /* RadioTableViewCell.swift */,
				D38E9F2E22516A17005682FD /* RadioTableViewController.swift */,
			);
			path = Radio;
			sourceTree = "<group>";
		};
		D319E8B12252B4B5009DF7A9 /* Playlist */ = {
			isa = PBXGroup;
			children = (
				D319E8B22252B7F1009DF7A9 /* PlaylistTableViewController.swift */,
				D319E8B42252B89D009DF7A9 /* PlaylistTableViewCell.swift */,
				D319E8BE22540E43009DF7A9 /* PlaylistTracksTableViewController.swift */,
				D319E8C022540F2E009DF7A9 /* PlaylistTracksTableViewCell.swift */,
			);
			path = Playlist;
			sourceTree = "<group>";
		};
		D343CB7D227056A00049C30A /* Theme */ = {
			isa = PBXGroup;
			children = (
				D343CB7E227056CB0049C30A /* ThemeCollectionViewController.swift */,
				D343CB80227056F50049C30A /* ThemeCollectionViewCell.swift */,
			);
			path = Theme;
			sourceTree = "<group>";
		};
		D35366E9223F10550062736A = {
			isa = PBXGroup;
			children = (
				D35366F4223F10550062736A /* Moment */,
				D35366F3223F10550062736A /* Products */,
			);
			sourceTree = "<group>";
		};
		D35366F3223F10550062736A /* Products */ = {
			isa = PBXGroup;
			children = (
				D35366F2223F10550062736A /* Moment.app */,
			);
			name = Products;
			sourceTree = "<group>";
		};
		D35366F4223F10550062736A /* Moment */ = {
			isa = PBXGroup;
			children = (
				D37E6EDB2263791B0029A298 /* Model */,
				D38E9F2822516482005682FD /* Data */,
				D378EE0A223F18CA0002DF86 /* Controller */,
				D378EE03223F12FE0002DF86 /* NetworkRequest */,
				D3E0B851223F11C300F17031 /* Codable */,
				D35366F5223F10550062736A /* AppDelegate.swift */,
				D35366F7223F10550062736A /* ViewController.swift */,
				D35366F9223F10550062736A /* Main.storyboard */,
				D35366FF223F105A0062736A /* Assets.xcassets */,
				D3536701223F105A0062736A /* LaunchScreen.storyboard */,
				D3536704223F105A0062736A /* Info.plist */,
				D35366FC223F10550062736A /* Moment.xcdatamodeld */,
				D37E6EE12263C5050029A298 /* Player.swift */,
			);
			path = Moment;
			sourceTree = "<group>";
		};
		D378EE03223F12FE0002DF86 /* NetworkRequest */ = {
			isa = PBXGroup;
			children = (
				D378EE04223F13150002DF86 /* RadioNetwork.swift */,
				D38E9F3222518555005682FD /* ImageNetwork.swift */,
				D319E8AC2252B286009DF7A9 /* PlaylistNetwork.swift */,
				D319E8B622540866009DF7A9 /* PlaylistTracksNetwork.swift */,
				D37E6EE32263D7700029A298 /* ThemeNetwork.swift */,
			);
			path = NetworkRequest;
			sourceTree = "<group>";
		};
		D378EE0A223F18CA0002DF86 /* Controller */ = {
			isa = PBXGroup;
			children = (
				D3BBC0D92278F6BB00174454 /* Root */,
				D343CB7D227056A00049C30A /* Theme */,
				D319E8B12252B4B5009DF7A9 /* Playlist */,
				D319E8B02252B4A2009DF7A9 /* Radio */,
				D38E9F3022517267005682FD /* GeneralViewController.swift */,
				D3892EEF22594F1400FE6128 /* MediaPlayerViewController.swift */,
			);
			path = Controller;
			sourceTree = "<group>";
		};
		D37E6EDB2263791B0029A298 /* Model */ = {
			isa = PBXGroup;
			children = (
				D37E6EDC226379490029A298 /* Data.xcdatamodeld */,
			);
			path = Model;
			sourceTree = "<group>";
		};
		D38E9F2822516482005682FD /* Data */ = {
			isa = PBXGroup;
			children = (
				D38E9F2A225164DD005682FD /* RadioData.swift */,
				D319E8AE2252B392009DF7A9 /* PlaylistData.swift */,
				D319E8BA22540BB9009DF7A9 /* PlaylistTracksData.swift */,
			);
			path = Data;
			sourceTree = "<group>";
		};
		D3BBC0D92278F6BB00174454 /* Root */ = {
			isa = PBXGroup;
			children = (
				D3BBC0DA2278F6FC00174454 /* RootUIviewViewController.swift */,
			);
			path = Root;
			sourceTree = "<group>";
		};
		D3E0B851223F11C300F17031 /* Codable */ = {
			isa = PBXGroup;
			children = (
				D378EE01223F12E60002DF86 /* RadioResponse.swift */,
				D378EE06223F14450002DF86 /* Headers.swift */,
				D378EE08223F14950002DF86 /* PlaylistResponse.swift */,
				D319E8B822540959009DF7A9 /* PlaylistTracksResponse.swift */,
				D37E6EDF226384860029A298 /* RadioStreamResponse.swift */,
			);
			path = Codable;
			sourceTree = "<group>";
		};
/* End PBXGroup section */

/* Begin PBXNativeTarget section */
		D35366F1223F10550062736A /* Moment */ = {
			isa = PBXNativeTarget;
			buildConfigurationList = D3536707223F105A0062736A /* Build configuration list for PBXNativeTarget "Moment" */;
			buildPhases = (
				D35366EE223F10550062736A /* Sources */,
				D35366EF223F10550062736A /* Frameworks */,
				D35366F0223F10550062736A /* Resources */,
			);
			buildRules = (
			);
			dependencies = (
			);
			name = Moment;
			productName = Moment;
			productReference = D35366F2223F10550062736A /* Moment.app */;
			productType = "com.apple.product-type.application";
		};
/* End PBXNativeTarget section */

/* Begin PBXProject section */
		D35366EA223F10550062736A /* Project object */ = {
			isa = PBXProject;
			attributes = {
				LastSwiftUpdateCheck = 1020;
				LastUpgradeCheck = 1020;
				ORGANIZATIONNAME = Losavio;
				TargetAttributes = {
					D35366F1223F10550062736A = {
						CreatedOnToolsVersion = 10.2;
						SystemCapabilities = {
							com.apple.BackgroundModes = {
								enabled = 1;
							};
						};
					};
				};
			};
			buildConfigurationList = D35366ED223F10550062736A /* Build configuration list for PBXProject "Moment" */;
			compatibilityVersion = "Xcode 9.3";
			developmentRegion = en;
			hasScannedForEncodings = 0;
			knownRegions = (
				en,
				Base,
			);
			mainGroup = D35366E9223F10550062736A;
			productRefGroup = D35366F3223F10550062736A /* Products */;
			projectDirPath = "";
			projectRoot = "";
			targets = (
				D35366F1223F10550062736A /* Moment */,
			);
		};
/* End PBXProject section */

/* Begin PBXResourcesBuildPhase section */
		D35366F0223F10550062736A /* Resources */ = {
			isa = PBXResourcesBuildPhase;
			buildActionMask = 2147483647;
			files = (
				D3536703223F105A0062736A /* LaunchScreen.storyboard in Resources */,
				D3536700223F105A0062736A /* Assets.xcassets in Resources */,
				D35366FB223F10550062736A /* Main.storyboard in Resources */,
			);
			runOnlyForDeploymentPostprocessing = 0;
		};
/* End PBXResourcesBuildPhase section */

/* Begin PBXSourcesBuildPhase section */
		D35366EE223F10550062736A /* Sources */ = {
			isa = PBXSourcesBuildPhase;
			buildActionMask = 2147483647;
			files = (
				D378EE05223F13150002DF86 /* RadioNetwork.swift in Sources */,
				D35366F8223F10550062736A /* ViewController.swift in Sources */,
				D38E9F3322518555005682FD /* ImageNetwork.swift in Sources */,
				D38E9F2F22516A17005682FD /* RadioTableViewController.swift in Sources */,
				D319E8AD2252B286009DF7A9 /* PlaylistNetwork.swift in Sources */,
				D37E6EE0226384860029A298 /* RadioStreamResponse.swift in Sources */,
				D319E8C122540F2E009DF7A9 /* PlaylistTracksTableViewCell.swift in Sources */,
				D319E8BF22540E43009DF7A9 /* PlaylistTracksTableViewController.swift in Sources */,
				D38E9F3122517267005682FD /* GeneralViewController.swift in Sources */,
				D378EE07223F14450002DF86 /* Headers.swift in Sources */,
				D319E8B52252B89D009DF7A9 /* PlaylistTableViewCell.swift in Sources */,
				D38E9F2D2251682E005682FD /* RadioTableViewCell.swift in Sources */,
				D378EE09223F14950002DF86 /* PlaylistResponse.swift in Sources */,
				D3BBC0DB2278F6FC00174454 /* RootUIviewViewController.swift in Sources */,
				D343CB81227056F50049C30A /* ThemeCollectionViewCell.swift in Sources */,
				D378EE0C223F18F10002DF86 /* RadioTabViewController.swift in Sources */,
				D319E8AF2252B392009DF7A9 /* PlaylistData.swift in Sources */,
				D38E9F2B225164DD005682FD /* RadioData.swift in Sources */,
				D343CB7F227056CB0049C30A /* ThemeCollectionViewController.swift in Sources */,
				D3892EF022594F1400FE6128 /* MediaPlayerViewController.swift in Sources */,
				D378EE02223F12E60002DF86 /* RadioResponse.swift in Sources */,
				D37E6EE22263C5050029A298 /* Player.swift in Sources */,
				D37E6EE42263D7700029A298 /* ThemeNetwork.swift in Sources */,
				D319E8B922540959009DF7A9 /* PlaylistTracksResponse.swift in Sources */,
				D319E8B722540866009DF7A9 /* PlaylistTracksNetwork.swift in Sources */,
				D37E6EDE226379490029A298 /* Data.xcdatamodeld in Sources */,
				D35366FE223F10550062736A /* Moment.xcdatamodeld in Sources */,
				D35366F6223F10550062736A /* AppDelegate.swift in Sources */,
				D319E8B32252B7F1009DF7A9 /* PlaylistTableViewController.swift in Sources */,
				D319E8BB22540BB9009DF7A9 /* PlaylistTracksData.swift in Sources */,
			);
			runOnlyForDeploymentPostprocessing = 0;
		};
/* End PBXSourcesBuildPhase section */

/* Begin PBXVariantGroup section */
		D35366F9223F10550062736A /* Main.storyboard */ = {
			isa = PBXVariantGroup;
			children = (
				D35366FA223F10550062736A /* Base */,
			);
			name = Main.storyboard;
			sourceTree = "<group>";
		};
		D3536701223F105A0062736A /* LaunchScreen.storyboard */ = {
			isa = PBXVariantGroup;
			children = (
				D3536702223F105A0062736A /* Base */,
			);
			name = LaunchScreen.storyboard;
			sourceTree = "<group>";
		};
/* End PBXVariantGroup section */

/* Begin XCBuildConfiguration section */
		D3536705223F105A0062736A /* Debug */ = {
			isa = XCBuildConfiguration;
			buildSettings = {
				ALWAYS_SEARCH_USER_PATHS = NO;
				CLANG_ANALYZER_NONNULL = YES;
				CLANG_ANALYZER_NUMBER_OBJECT_CONVERSION = YES_AGGRESSIVE;
				CLANG_CXX_LANGUAGE_STANDARD = "gnu++14";
				CLANG_CXX_LIBRARY = "libc++";
				CLANG_ENABLE_MODULES = YES;
				CLANG_ENABLE_OBJC_ARC = YES;
				CLANG_ENABLE_OBJC_WEAK = YES;
				CLANG_WARN_BLOCK_CAPTURE_AUTORELEASING = YES;
				CLANG_WARN_BOOL_CONVERSION = YES;
				CLANG_WARN_COMMA = YES;
				CLANG_WARN_CONSTANT_CONVERSION = YES;
				CLANG_WARN_DEPRECATED_OBJC_IMPLEMENTATIONS = YES;
				CLANG_WARN_DIRECT_OBJC_ISA_USAGE = YES_ERROR;
				CLANG_WARN_DOCUMENTATION_COMMENTS = YES;
				CLANG_WARN_EMPTY_BODY = YES;
				CLANG_WARN_ENUM_CONVERSION = YES;
				CLANG_WARN_INFINITE_RECURSION = YES;
				CLANG_WARN_INT_CONVERSION = YES;
				CLANG_WARN_NON_LITERAL_NULL_CONVERSION = YES;
				CLANG_WARN_OBJC_IMPLICIT_RETAIN_SELF = YES;
				CLANG_WARN_OBJC_LITERAL_CONVERSION = YES;
				CLANG_WARN_OBJC_ROOT_CLASS = YES_ERROR;
				CLANG_WARN_RANGE_LOOP_ANALYSIS = YES;
				CLANG_WARN_STRICT_PROTOTYPES = YES;
				CLANG_WARN_SUSPICIOUS_MOVE = YES;
				CLANG_WARN_UNGUARDED_AVAILABILITY = YES_AGGRESSIVE;
				CLANG_WARN_UNREACHABLE_CODE = YES;
				CLANG_WARN__DUPLICATE_METHOD_MATCH = YES;
				CODE_SIGN_IDENTITY = "iPhone Developer";
				COPY_PHASE_STRIP = NO;
				DEBUG_INFORMATION_FORMAT = dwarf;
				ENABLE_STRICT_OBJC_MSGSEND = YES;
				ENABLE_TESTABILITY = YES;
				GCC_C_LANGUAGE_STANDARD = gnu11;
				GCC_DYNAMIC_NO_PIC = NO;
				GCC_NO_COMMON_BLOCKS = YES;
				GCC_OPTIMIZATION_LEVEL = 0;
				GCC_PREPROCESSOR_DEFINITIONS = (
					"DEBUG=1",
					"$(inherited)",
				);
				GCC_WARN_64_TO_32_BIT_CONVERSION = YES;
				GCC_WARN_ABOUT_RETURN_TYPE = YES_ERROR;
				GCC_WARN_UNDECLARED_SELECTOR = YES;
				GCC_WARN_UNINITIALIZED_AUTOS = YES_AGGRESSIVE;
				GCC_WARN_UNUSED_FUNCTION = YES;
				GCC_WARN_UNUSED_VARIABLE = YES;
				IPHONEOS_DEPLOYMENT_TARGET = 12.2;
				MTL_ENABLE_DEBUG_INFO = INCLUDE_SOURCE;
				MTL_FAST_MATH = YES;
				ONLY_ACTIVE_ARCH = YES;
				SDKROOT = iphoneos;
				SWIFT_ACTIVE_COMPILATION_CONDITIONS = DEBUG;
				SWIFT_OPTIMIZATION_LEVEL = "-Onone";
			};
			name = Debug;
		};
		D3536706223F105A0062736A /* Release */ = {
			isa = XCBuildConfiguration;
			buildSettings = {
				ALWAYS_SEARCH_USER_PATHS = NO;
				CLANG_ANALYZER_NONNULL = YES;
				CLANG_ANALYZER_NUMBER_OBJECT_CONVERSION = YES_AGGRESSIVE;
				CLANG_CXX_LANGUAGE_STANDARD = "gnu++14";
				CLANG_CXX_LIBRARY = "libc++";
				CLANG_ENABLE_MODULES = YES;
				CLANG_ENABLE_OBJC_ARC = YES;
				CLANG_ENABLE_OBJC_WEAK = YES;
				CLANG_WARN_BLOCK_CAPTURE_AUTORELEASING = YES;
				CLANG_WARN_BOOL_CONVERSION = YES;
				CLANG_WARN_COMMA = YES;
				CLANG_WARN_CONSTANT_CONVERSION = YES;
				CLANG_WARN_DEPRECATED_OBJC_IMPLEMENTATIONS = YES;
				CLANG_WARN_DIRECT_OBJC_ISA_USAGE = YES_ERROR;
				CLANG_WARN_DOCUMENTATION_COMMENTS = YES;
				CLANG_WARN_EMPTY_BODY = YES;
				CLANG_WARN_ENUM_CONVERSION = YES;
				CLANG_WARN_INFINITE_RECURSION = YES;
				CLANG_WARN_INT_CONVERSION = YES;
				CLANG_WARN_NON_LITERAL_NULL_CONVERSION = YES;
				CLANG_WARN_OBJC_IMPLICIT_RETAIN_SELF = YES;
				CLANG_WARN_OBJC_LITERAL_CONVERSION = YES;
				CLANG_WARN_OBJC_ROOT_CLASS = YES_ERROR;
				CLANG_WARN_RANGE_LOOP_ANALYSIS = YES;
				CLANG_WARN_STRICT_PROTOTYPES = YES;
				CLANG_WARN_SUSPICIOUS_MOVE = YES;
				CLANG_WARN_UNGUARDED_AVAILABILITY = YES_AGGRESSIVE;
				CLANG_WARN_UNREACHABLE_CODE = YES;
				CLANG_WARN__DUPLICATE_METHOD_MATCH = YES;
				CODE_SIGN_IDENTITY = "iPhone Developer";
				COPY_PHASE_STRIP = NO;
				DEBUG_INFORMATION_FORMAT = "dwarf-with-dsym";
				ENABLE_NS_ASSERTIONS = NO;
				ENABLE_STRICT_OBJC_MSGSEND = YES;
				GCC_C_LANGUAGE_STANDARD = gnu11;
				GCC_NO_COMMON_BLOCKS = YES;
				GCC_WARN_64_TO_32_BIT_CONVERSION = YES;
				GCC_WARN_ABOUT_RETURN_TYPE = YES_ERROR;
				GCC_WARN_UNDECLARED_SELECTOR = YES;
				GCC_WARN_UNINITIALIZED_AUTOS = YES_AGGRESSIVE;
				GCC_WARN_UNUSED_FUNCTION = YES;
				GCC_WARN_UNUSED_VARIABLE = YES;
				IPHONEOS_DEPLOYMENT_TARGET = 12.2;
				MTL_ENABLE_DEBUG_INFO = NO;
				MTL_FAST_MATH = YES;
				SDKROOT = iphoneos;
				SWIFT_COMPILATION_MODE = wholemodule;
				SWIFT_OPTIMIZATION_LEVEL = "-O";
				VALIDATE_PRODUCT = YES;
			};
			name = Release;
		};
		D3536708223F105A0062736A /* Debug */ = {
			isa = XCBuildConfiguration;
			buildSettings = {
				ASSETCATALOG_COMPILER_APPICON_NAME = AppIcon;
				CODE_SIGN_STYLE = Automatic;
				DEVELOPMENT_TEAM = 82DRQAPC23;
				INFOPLIST_FILE = Moment/Info.plist;
				LD_RUNPATH_SEARCH_PATHS = (
					"$(inherited)",
					"@executable_path/Frameworks",
				);
				PRODUCT_BUNDLE_IDENTIFIER = com.losavio.Moment;
				PRODUCT_NAME = "$(TARGET_NAME)";
				SWIFT_VERSION = 5.0;
				TARGETED_DEVICE_FAMILY = "1,2";
			};
			name = Debug;
		};
		D3536709223F105A0062736A /* Release */ = {
			isa = XCBuildConfiguration;
			buildSettings = {
				ASSETCATALOG_COMPILER_APPICON_NAME = AppIcon;
				CODE_SIGN_STYLE = Automatic;
				DEVELOPMENT_TEAM = 82DRQAPC23;
				INFOPLIST_FILE = Moment/Info.plist;
				LD_RUNPATH_SEARCH_PATHS = (
					"$(inherited)",
					"@executable_path/Frameworks",
				);
				PRODUCT_BUNDLE_IDENTIFIER = com.losavio.Moment;
				PRODUCT_NAME = "$(TARGET_NAME)";
				SWIFT_VERSION = 5.0;
				TARGETED_DEVICE_FAMILY = "1,2";
			};
			name = Release;
		};
/* End XCBuildConfiguration section */

/* Begin XCConfigurationList section */
		D35366ED223F10550062736A /* Build configuration list for PBXProject "Moment" */ = {
			isa = XCConfigurationList;
			buildConfigurations = (
				D3536705223F105A0062736A /* Debug */,
				D3536706223F105A0062736A /* Release */,
			);
			defaultConfigurationIsVisible = 0;
			defaultConfigurationName = Release;
		};
		D3536707223F105A0062736A /* Build configuration list for PBXNativeTarget "Moment" */ = {
			isa = XCConfigurationList;
			buildConfigurations = (
				D3536708223F105A0062736A /* Debug */,
				D3536709223F105A0062736A /* Release */,
			);
			defaultConfigurationIsVisible = 0;
			defaultConfigurationName = Release;
		};
/* End XCConfigurationList section */

/* Begin XCVersionGroup section */
		D35366FC223F10550062736A /* Moment.xcdatamodeld */ = {
			isa = XCVersionGroup;
			children = (
				D35366FD223F10550062736A /* Moment.xcdatamodel */,
			);
			currentVersion = D35366FD223F10550062736A /* Moment.xcdatamodel */;
			path = Moment.xcdatamodeld;
			sourceTree = "<group>";
			versionGroupType = wrapper.xcdatamodel;
		};
		D37E6EDC226379490029A298 /* Data.xcdatamodeld */ = {
			isa = XCVersionGroup;
			children = (
				D37E6EDD226379490029A298 /* Moment.xcdatamodel */,
			);
			currentVersion = D37E6EDD226379490029A298 /* Moment.xcdatamodel */;
			path = Data.xcdatamodeld;
			sourceTree = "<group>";
			versionGroupType = wrapper.xcdatamodel;
		};
/* End XCVersionGroup section */
	};
	rootObject = D35366EA223F10550062736A /* Project object */;
}
